
Microsoft Visual Studio Solution File, Format Version 12.00
# Visual Studio Version 17
VisualStudioVersion = 17.9.34701.34
MinimumVisualStudioVersion = 10.0.40219.1
Project("{8BC9CEB8-8B4A-11D0-8D11-00A0C91BC942}") = "OOPStaticDynamic", "OOPStaticDynamic\OOPStaticDynamic.vcxproj", "{6D44FE5E-5704-4B98-BE14-1C5E2BFCF376}"
EndProject
Project("{8BC9CEB8-8B4A-11D0-8D11-00A0C91BC942}") = "memberStaticFunc", "memberStaticFunc\memberStaticFunc.vcxproj", "{E9879548-C9CB-4CA0-89A2-FFEA82CEC9CD}"
EndProject
Project("{8BC9CEB8-8B4A-11D0-8D11-00A0C91BC942}") = "Constructor", "Constructor\Constructor.vcxproj", "{465D5AA9-6AE4-4180-AA0F-AC9F67C6B4D8}"
EndProject
Project("{8BC9CEB8-8B4A-11D0-8D11-00A0C91BC942}") = "Destructor", "Destructor\Destructor.vcxproj", "{7D2CF71A-B87D-4CD2-98B8-FCBD622A551C}"
EndProject
Project("{8BC9CEB8-8B4A-11D0-8D11-00A0C91BC942}") = "ChainFunction", "ChainFunction\ChainFunction.vcxproj", "{2F0E858D-0572-4261-8D65-AC19DDC88B3B}"
EndProject
Global
	GlobalSection(SolutionConfigurationPlatforms) = preSolution
		Debug|x64 = Debug|x64
		Debug|x86 = Debug|x86
		Release|x64 = Release|x64
		Release|x86 = Release|x86
	EndGlobalSection
	GlobalSection(ProjectConfigurationPlatforms) = postSolution
		{6D44FE5E-5704-4B98-BE14-1C5E2BFCF376}.Debug|x64.ActiveCfg = Debug|x64
		{6D44FE5E-5704-4B98-BE14-1C5E2BFCF376}.Debug|x64.Build.0 = Debug|x64
		{6D44FE5E-5704-4B98-BE14-1C5E2BFCF376}.Debug|x86.ActiveCfg = Debug|Win32
		{6D44FE5E-5704-4B98-BE14-1C5E2BFCF376}.Debug|x86.Build.0 = Debug|Win32
		{6D44FE5E-5704-4B98-BE14-1C5E2BFCF376}.Release|x64.ActiveCfg = Release|x64
		{6D44FE5E-5704-4B98-BE14-1C5E2BFCF376}.Release|x64.Build.0 = Release|x64
		{6D44FE5E-5704-4B98-BE14-1C5E2BFCF376}.Release|x86.ActiveCfg = Release|Win32
		{6D44FE5E-5704-4B98-BE14-1C5E2BFCF376}.Release|x86.Build.0 = Release|Win32
		{E9879548-C9CB-4CA0-89A2-FFEA82CEC9CD}.Debug|x64.ActiveCfg = Debug|x64
		{E9879548-C9CB-4CA0-89A2-FFEA82CEC9CD}.Debug|x64.Build.0 = Debug|x64
		{E9879548-C9CB-4CA0-89A2-FFEA82CEC9CD}.Debug|x86.ActiveCfg = Debug|Win32
		{E9879548-C9CB-4CA0-89A2-FFEA82CEC9CD}.Debug|x86.Build.0 = Debug|Win32
		{E9879548-C9CB-4CA0-89A2-FFEA82CEC9CD}.Release|x64.ActiveCfg = Release|x64
		{E9879548-C9CB-4CA0-89A2-FFEA82CEC9CD}.Release|x64.Build.0 = Release|x64
		{E9879548-C9CB-4CA0-89A2-FFEA82CEC9CD}.Release|x86.ActiveCfg = Release|Win32
		{E9879548-C9CB-4CA0-89A2-FFEA82CEC9CD}.Release|x86.Build.0 = Release|Win32
		{465D5AA9-6AE4-4180-AA0F-AC9F67C6B4D8}.Debug|x64.ActiveCfg = Debug|x64
		{465D5AA9-6AE4-4180-AA0F-AC9F67C6B4D8}.Debug|x64.Build.0 = Debug|x64
		{465D5AA9-6AE4-4180-AA0F-AC9F67C6B4D8}.Debug|x86.ActiveCfg = Debug|Win32
		{465D5AA9-6AE4-4180-AA0F-AC9F67C6B4D8}.Debug|x86.Build.0 = Debug|Win32
		{465D5AA9-6AE4-4180-AA0F-AC9F67C6B4D8}.Release|x64.ActiveCfg = Release|x64
		{465D5AA9-6AE4-4180-AA0F-AC9F67C6B4D8}.Release|x64.Build.0 = Release|x64
		{465D5AA9-6AE4-4180-AA0F-AC9F67C6B4D8}.Release|x86.ActiveCfg = Release|Win32
		{465D5AA9-6AE4-4180-AA0F-AC9F67C6B4D8}.Release|x86.Build.0 = Release|Win32
		{7D2CF71A-B87D-4CD2-98B8-FCBD622A551C}.Debug|x64.ActiveCfg = Debug|x64
		{7D2CF71A-B87D-4CD2-98B8-FCBD622A551C}.Debug|x64.Build.0 = Debug|x64
		{7D2CF71A-B87D-4CD2-98B8-FCBD622A551C}.Debug|x86.ActiveCfg = Debug|Win32
		{7D2CF71A-B87D-4CD2-98B8-FCBD622A551C}.Debug|x86.Build.0 = Debug|Win32
		{7D2CF71A-B87D-4CD2-98B8-FCBD622A551C}.Release|x64.ActiveCfg = Release|x64
		{7D2CF71A-B87D-4CD2-98B8-FCBD622A551C}.Release|x64.Build.0 = Release|x64
		{7D2CF71A-B87D-4CD2-98B8-FCBD622A551C}.Release|x86.ActiveCfg = Release|Win32
		{7D2CF71A-B87D-4CD2-98B8-FCBD622A551C}.Release|x86.Build.0 = Release|Win32
		{2F0E858D-0572-4261-8D65-AC19DDC88B3B}.Debug|x64.ActiveCfg = Debug|x64
		{2F0E858D-0572-4261-8D65-AC19DDC88B3B}.Debug|x64.Build.0 = Debug|x64
		{2F0E858D-0572-4261-8D65-AC19DDC88B3B}.Debug|x86.ActiveCfg = Debug|Win32
		{2F0E858D-0572-4261-8D65-AC19DDC88B3B}.Debug|x86.Build.0 = Debug|Win32
		{2F0E858D-0572-4261-8D65-AC19DDC88B3B}.Release|x64.ActiveCfg = Release|x64
		{2F0E858D-0572-4261-8D65-AC19DDC88B3B}.Release|x64.Build.0 = Release|x64
		{2F0E858D-0572-4261-8D65-AC19DDC88B3B}.Release|x86.ActiveCfg = Release|Win32
		{2F0E858D-0572-4261-8D65-AC19DDC88B3B}.Release|x86.Build.0 = Release|Win32
	EndGlobalSection
	GlobalSection(SolutionProperties) = preSolution
		HideSolutionNode = FALSE
	EndGlobalSection
	GlobalSection(ExtensibilityGlobals) = postSolution
		SolutionGuid = {8F858A71-ABC0-4710-A383-6819C9426CAF}
	EndGlobalSection
EndGlobal
